
Microsoft Visual Studio Solution File, Format Version 12.00
# Visual Studio Version 17
VisualStudioVersion = 17.0.31919.166
MinimumVisualStudioVersion = 10.0.40219.1
Project("{FAE04EC0-301F-11D3-BF4B-00C04F79EFBC}") = "Loja de surf", "Loja de surf\Loja de surf.csproj", "{BFA2BC87-0660-4D91-A6DC-D087D6A9B06A}"
EndProject
Global
	GlobalSection(SolutionConfigurationPlatforms) = preSolution
		Debug|Any CPU = Debug|Any CPU
		Release|Any CPU = Release|Any CPU
	EndGlobalSection
	GlobalSection(ProjectConfigurationPlatforms) = postSolution
		{BFA2BC87-0660-4D91-A6DC-D087D6A9B06A}.Debug|Any CPU.ActiveCfg = Debug|Any CPU
		{BFA2BC87-0660-4D91-A6DC-D087D6A9B06A}.Debug|Any CPU.Build.0 = Debug|Any CPU
		{BFA2BC87-0660-4D91-A6DC-D087D6A9B06A}.Release|Any CPU.ActiveCfg = Release|Any CPU
		{BFA2BC87-0660-4D91-A6DC-D087D6A9B06A}.Release|Any CPU.Build.0 = Release|Any CPU
	EndGlobalSection
	GlobalSection(SolutionProperties) = preSolution
		HideSolutionNode = FALSE
	EndGlobalSection
	GlobalSection(ExtensibilityGlobals) = postSolution
		SolutionGuid = {B91ECC2D-3749-465C-9947-968F9458ACD3}
	EndGlobalSection
EndGlobal
